{
  "version": "4",
  "redirects": {
    "https://deno.land/": "https://deno.com/",
    "https://deno.land/std": "https://deno.land/std@0.224.0",
    "https://deno.land/std/": "https://deno.land/std",
    "https://deno.land/std/http": "https://deno.land/std@0.224.0/http",
    "https://deno.land/std/http/": "https://deno.land/std/http",
    "https://deno.land/std/http/serve": "https://deno.land/std@0.224.0/http/serve"
  },
  "workspace": {
    "dependencies": [
      "jsr:@std/assert@1"
    ]
  }
}
